
Microsoft Visual Studio Solution File, Format Version 12.00
# Visual Studio 14
VisualStudioVersion = 14.0.23107.0
MinimumVisualStudioVersion = 10.0.40219.1
Project("{FAE04EC0-301F-11D3-BF4B-00C04F79EFBC}") = "Coursework1", "Coursework1\Coursework1.csproj", "{46B16FA2-13CF-4281-BDAE-BCF4A05D8E6D}"
EndProject
Project("{F088123C-0E9E-452A-89E6-6BA2F21D5CAC}") = "Coursework 1", "Coursework 1\Coursework 1.modelproj", "{D0E51962-D7E8-4FF6-BBFC-64E19B6FF3D2}"
EndProject
Global
	GlobalSection(SolutionConfigurationPlatforms) = preSolution
		Debug|Any CPU = Debug|Any CPU
		Release|Any CPU = Release|Any CPU
	EndGlobalSection
	GlobalSection(ProjectConfigurationPlatforms) = postSolution
		{46B16FA2-13CF-4281-BDAE-BCF4A05D8E6D}.Debug|Any CPU.ActiveCfg = Debug|Any CPU
		{46B16FA2-13CF-4281-BDAE-BCF4A05D8E6D}.Debug|Any CPU.Build.0 = Debug|Any CPU
		{46B16FA2-13CF-4281-BDAE-BCF4A05D8E6D}.Release|Any CPU.ActiveCfg = Release|Any CPU
		{46B16FA2-13CF-4281-BDAE-BCF4A05D8E6D}.Release|Any CPU.Build.0 = Release|Any CPU
		{D0E51962-D7E8-4FF6-BBFC-64E19B6FF3D2}.Debug|Any CPU.ActiveCfg = Debug|Any CPU
		{D0E51962-D7E8-4FF6-BBFC-64E19B6FF3D2}.Debug|Any CPU.Build.0 = Debug|Any CPU
		{D0E51962-D7E8-4FF6-BBFC-64E19B6FF3D2}.Release|Any CPU.ActiveCfg = Release|Any CPU
		{D0E51962-D7E8-4FF6-BBFC-64E19B6FF3D2}.Release|Any CPU.Build.0 = Release|Any CPU
	EndGlobalSection
	GlobalSection(SolutionProperties) = preSolution
		HideSolutionNode = FALSE
	EndGlobalSection
EndGlobal
